%{
  "jason": {:hex, :jason, "1.4.1", "af1504e35f629ddcdd6addb3513c3853991f694921b1b9368b0bd32beb9f1b63", [:mix], [{:decimal, "~> 1.0 or ~> 2.0", [hex: :decimal, repo: "hexpm", optional: true]}], "hexpm", "fbb01ecdfd565b56261302f7e1fcc27c4fb8f32d56eab74db621fc154604a7a1"},
  "libcluster": {:hex, :libcluster, "3.3.3", "a4f17721a19004cfc4467268e17cff8b1f951befe428975dd4f6f7b84d927fe0", [:mix], [{:jason, "~> 1.1", [hex: :jason, repo: "hexpm", optional: false]}], "hexpm", "7c0a2275a0bb83c07acd17dab3c3bfb4897b145106750eeccc62d302e3bdfee5"},
  "mnesiac": {:hex, :mnesiac, "0.3.14", "5ea3f1f3e615073629d0822bcf2297be73149beee2d1f7e482c1943894f59b53", [:mix], [{:libcluster, "~> 3.3", [hex: :libcluster, repo: "hexpm", optional: true]}], "hexpm", "e51b38bf983b9320aba56d5dce79dbf50cbff07f7495e70b89eb45461b8d32fa"},
}
